// !$*UTF8*$!
{
	archiveVersion = 1;
	classes = {
	};
	objectVersion = 55;
	objects = {

/* Begin PBXBuildFile section */
		2B97C55B28E3EFD50023F951 /* WatchNotes WatchKit App.app in Embed Watch Content */ = {isa = PBXBuildFile; fileRef = 2B97C55A28E3EFD50023F951 /* WatchNotes WatchKit App.app */; settings = {ATTRIBUTES = (RemoveHeadersOnCopy, ); }; };
		2B97C56028E3EFD60023F951 /* Assets.xcassets in Resources */ = {isa = PBXBuildFile; fileRef = 2B97C55F28E3EFD60023F951 /* Assets.xcassets */; };
		2B97C56628E3EFD70023F951 /* WatchNotes WatchKit Extension.appex in Embed App Extensions */ = {isa = PBXBuildFile; fileRef = 2B97C56528E3EFD70023F951 /* WatchNotes WatchKit Extension.appex */; settings = {ATTRIBUTES = (RemoveHeadersOnCopy, ); }; };
		2B97C56B28E3EFD70023F951 /* ContentView.swift in Sources */ = {isa = PBXBuildFile; fileRef = 2B97C56A28E3EFD70023F951 /* ContentView.swift */; };
		2B97C56D28E3EFD70023F951 /* WatchNotesApp.swift in Sources */ = {isa = PBXBuildFile; fileRef = 2B97C56C28E3EFD70023F951 /* WatchNotesApp.swift */; };
		2B97C56F28E3EFD70023F951 /* ComplicationController.swift in Sources */ = {isa = PBXBuildFile; fileRef = 2B97C56E28E3EFD70023F951 /* ComplicationController.swift */; };
		2B97C57128E3EFD80023F951 /* Assets.xcassets in Resources */ = {isa = PBXBuildFile; fileRef = 2B97C57028E3EFD80023F951 /* Assets.xcassets */; };
		2B97C57428E3EFD80023F951 /* Preview Assets.xcassets in Resources */ = {isa = PBXBuildFile; fileRef = 2B97C57328E3EFD80023F951 /* Preview Assets.xcassets */; };
		2B97C58528E3F87F0023F951 /* Note.swift in Sources */ = {isa = PBXBuildFile; fileRef = 2B97C58428E3F87F0023F951 /* Note.swift */; };
/* End PBXBuildFile section */

/* Begin PBXContainerItemProxy section */
		2B97C55C28E3EFD50023F951 /* PBXContainerItemProxy */ = {
			isa = PBXContainerItemProxy;
			containerPortal = 2B97C55028E3EFD50023F951 /* Project object */;
			proxyType = 1;
			remoteGlobalIDString = 2B97C55928E3EFD50023F951;
			remoteInfo = "WatchNotes WatchKit App";
		};
		2B97C56728E3EFD70023F951 /* PBXContainerItemProxy */ = {
			isa = PBXContainerItemProxy;
			containerPortal = 2B97C55028E3EFD50023F951 /* Project object */;
			proxyType = 1;
			remoteGlobalIDString = 2B97C56428E3EFD70023F951;
			remoteInfo = "WatchNotes WatchKit Extension";
		};
/* End PBXContainerItemProxy section */

/* Begin PBXCopyFilesBuildPhase section */
		2B97C57B28E3EFD80023F951 /* Embed App Extensions */ = {
			isa = PBXCopyFilesBuildPhase;
			buildActionMask = 2147483647;
			dstPath = "";
			dstSubfolderSpec = 13;
			files = (
				2B97C56628E3EFD70023F951 /* WatchNotes WatchKit Extension.appex in Embed App Extensions */,
			);
			name = "Embed App Extensions";
			runOnlyForDeploymentPostprocessing = 0;
		};
		2B97C57F28E3EFD80023F951 /* Embed Watch Content */ = {
			isa = PBXCopyFilesBuildPhase;
			buildActionMask = 2147483647;
			dstPath = "$(CONTENTS_FOLDER_PATH)/Watch";
			dstSubfolderSpec = 16;
			files = (
				2B97C55B28E3EFD50023F951 /* WatchNotes WatchKit App.app in Embed Watch Content */,
			);
			name = "Embed Watch Content";
			runOnlyForDeploymentPostprocessing = 0;
		};
/* End PBXCopyFilesBuildPhase section */

/* Begin PBXFileReference section */
		2B97C55628E3EFD50023F951 /* WatchNotes.app */ = {isa = PBXFileReference; explicitFileType = wrapper.application; includeInIndex = 0; path = WatchNotes.app; sourceTree = BUILT_PRODUCTS_DIR; };
		2B97C55A28E3EFD50023F951 /* WatchNotes WatchKit App.app */ = {isa = PBXFileReference; explicitFileType = wrapper.application; includeInIndex = 0; path = "WatchNotes WatchKit App.app"; sourceTree = BUILT_PRODUCTS_DIR; };
		2B97C55F28E3EFD60023F951 /* Assets.xcassets */ = {isa = PBXFileReference; lastKnownFileType = folder.assetcatalog; path = Assets.xcassets; sourceTree = "<group>"; };
		2B97C56528E3EFD70023F951 /* WatchNotes WatchKit Extension.appex */ = {isa = PBXFileReference; explicitFileType = "wrapper.app-extension"; includeInIndex = 0; path = "WatchNotes WatchKit Extension.appex"; sourceTree = BUILT_PRODUCTS_DIR; };
		2B97C56A28E3EFD70023F951 /* ContentView.swift */ = {isa = PBXFileReference; lastKnownFileType = sourcecode.swift; path = ContentView.swift; sourceTree = "<group>"; };
		2B97C56C28E3EFD70023F951 /* WatchNotesApp.swift */ = {isa = PBXFileReference; lastKnownFileType = sourcecode.swift; path = WatchNotesApp.swift; sourceTree = "<group>"; };
		2B97C56E28E3EFD70023F951 /* ComplicationController.swift */ = {isa = PBXFileReference; lastKnownFileType = sourcecode.swift; path = ComplicationController.swift; sourceTree = "<group>"; };
		2B97C57028E3EFD80023F951 /* Assets.xcassets */ = {isa = PBXFileReference; lastKnownFileType = folder.assetcatalog; path = Assets.xcassets; sourceTree = "<group>"; };
		2B97C57328E3EFD80023F951 /* Preview Assets.xcassets */ = {isa = PBXFileReference; lastKnownFileType = folder.assetcatalog; path = "Preview Assets.xcassets"; sourceTree = "<group>"; };
		2B97C57528E3EFD80023F951 /* Info.plist */ = {isa = PBXFileReference; lastKnownFileType = text.plist.xml; path = Info.plist; sourceTree = "<group>"; };
		2B97C58428E3F87F0023F951 /* Note.swift */ = {isa = PBXFileReference; lastKnownFileType = sourcecode.swift; path = Note.swift; sourceTree = "<group>"; };
/* End PBXFileReference section */

/* Begin PBXFrameworksBuildPhase section */
		2B97C56228E3EFD70023F951 /* Frameworks */ = {
			isa = PBXFrameworksBuildPhase;
			buildActionMask = 2147483647;
			files = (
			);
			runOnlyForDeploymentPostprocessing = 0;
		};
/* End PBXFrameworksBuildPhase section */

/* Begin PBXGroup section */
		2B97C54F28E3EFD50023F951 = {
			isa = PBXGroup;
			children = (
				2B97C55E28E3EFD50023F951 /* WatchNotes WatchKit App */,
				2B97C56928E3EFD70023F951 /* WatchNotes WatchKit Extension */,
				2B97C55728E3EFD50023F951 /* Products */,
			);
			sourceTree = "<group>";
		};
		2B97C55728E3EFD50023F951 /* Products */ = {
			isa = PBXGroup;
			children = (
				2B97C55628E3EFD50023F951 /* WatchNotes.app */,
				2B97C55A28E3EFD50023F951 /* WatchNotes WatchKit App.app */,
				2B97C56528E3EFD70023F951 /* WatchNotes WatchKit Extension.appex */,
			);
			name = Products;
			sourceTree = "<group>";
		};
		2B97C55E28E3EFD50023F951 /* WatchNotes WatchKit App */ = {
			isa = PBXGroup;
			children = (
				2B97C55F28E3EFD60023F951 /* Assets.xcassets */,
			);
			path = "WatchNotes WatchKit App";
			sourceTree = "<group>";
		};
		2B97C56928E3EFD70023F951 /* WatchNotes WatchKit Extension */ = {
			isa = PBXGroup;
			children = (
				2B97C58328E3F86B0023F951 /* model */,
				2B97C56A28E3EFD70023F951 /* ContentView.swift */,
				2B97C56C28E3EFD70023F951 /* WatchNotesApp.swift */,
				2B97C56E28E3EFD70023F951 /* ComplicationController.swift */,
				2B97C57028E3EFD80023F951 /* Assets.xcassets */,
				2B97C57528E3EFD80023F951 /* Info.plist */,
				2B97C57228E3EFD80023F951 /* Preview Content */,
			);
			path = "WatchNotes WatchKit Extension";
			sourceTree = "<group>";
		};
		2B97C57228E3EFD80023F951 /* Preview Content */ = {
			isa = PBXGroup;
			children = (
				2B97C57328E3EFD80023F951 /* Preview Assets.xcassets */,
			);
			path = "Preview Content";
			sourceTree = "<group>";
		};
		2B97C58328E3F86B0023F951 /* model */ = {
			isa = PBXGroup;
			children = (
				2B97C58428E3F87F0023F951 /* Note.swift */,
			);
			path = model;
			sourceTree = "<group>";
		};
/* End PBXGroup section */

/* Begin PBXNativeTarget section */
		2B97C55528E3EFD50023F951 /* WatchNotes */ = {
			isa = PBXNativeTarget;
			buildConfigurationList = 2B97C58028E3EFD80023F951 /* Build configuration list for PBXNativeTarget "WatchNotes" */;
			buildPhases = (
				2B97C55428E3EFD50023F951 /* Resources */,
				2B97C57F28E3EFD80023F951 /* Embed Watch Content */,
			);
			buildRules = (
			);
			dependencies = (
				2B97C55D28E3EFD50023F951 /* PBXTargetDependency */,
			);
			name = WatchNotes;
			productName = WatchNotes;
			productReference = 2B97C55628E3EFD50023F951 /* WatchNotes.app */;
			productType = "com.apple.product-type.application.watchapp2-container";
		};
		2B97C55928E3EFD50023F951 /* WatchNotes WatchKit App */ = {
			isa = PBXNativeTarget;
			buildConfigurationList = 2B97C57C28E3EFD80023F951 /* Build configuration list for PBXNativeTarget "WatchNotes WatchKit App" */;
			buildPhases = (
				2B97C55828E3EFD50023F951 /* Resources */,
				2B97C57B28E3EFD80023F951 /* Embed App Extensions */,
			);
			buildRules = (
			);
			dependencies = (
				2B97C56828E3EFD70023F951 /* PBXTargetDependency */,
			);
			name = "WatchNotes WatchKit App";
			productName = "WatchNotes WatchKit App";
			productReference = 2B97C55A28E3EFD50023F951 /* WatchNotes WatchKit App.app */;
			productType = "com.apple.product-type.application.watchapp2";
		};
		2B97C56428E3EFD70023F951 /* WatchNotes WatchKit Extension */ = {
			isa = PBXNativeTarget;
			buildConfigurationList = 2B97C57828E3EFD80023F951 /* Build configuration list for PBXNativeTarget "WatchNotes WatchKit Extension" */;
			buildPhases = (
				2B97C56128E3EFD70023F951 /* Sources */,
				2B97C56228E3EFD70023F951 /* Frameworks */,
				2B97C56328E3EFD70023F951 /* Resources */,
			);
			buildRules = (
			);
			dependencies = (
			);
			name = "WatchNotes WatchKit Extension";
			productName = "WatchNotes WatchKit Extension";
			productReference = 2B97C56528E3EFD70023F951 /* WatchNotes WatchKit Extension.appex */;
			productType = "com.apple.product-type.watchkit2-extension";
		};
/* End PBXNativeTarget section */

/* Begin PBXProject section */
		2B97C55028E3EFD50023F951 /* Project object */ = {
			isa = PBXProject;
			attributes = {
				BuildIndependentTargetsInParallel = 1;
				LastSwiftUpdateCheck = 1340;
				LastUpgradeCheck = 1340;
				TargetAttributes = {
					2B97C55528E3EFD50023F951 = {
						CreatedOnToolsVersion = 13.4.1;
					};
					2B97C55928E3EFD50023F951 = {
						CreatedOnToolsVersion = 13.4.1;
					};
					2B97C56428E3EFD70023F951 = {
						CreatedOnToolsVersion = 13.4.1;
					};
				};
			};
			buildConfigurationList = 2B97C55328E3EFD50023F951 /* Build configuration list for PBXProject "WatchNotes" */;
			compatibilityVersion = "Xcode 13.0";
			developmentRegion = en;
			hasScannedForEncodings = 0;
			knownRegions = (
				en,
				Base,
			);
			mainGroup = 2B97C54F28E3EFD50023F951;
			productRefGroup = 2B97C55728E3EFD50023F951 /* Products */;
			projectDirPath = "";
			projectRoot = "";
			targets = (
				2B97C55528E3EFD50023F951 /* WatchNotes */,
				2B97C55928E3EFD50023F951 /* WatchNotes WatchKit App */,
				2B97C56428E3EFD70023F951 /* WatchNotes WatchKit Extension */,
			);
		};
/* End PBXProject section */

/* Begin PBXResourcesBuildPhase section */
		2B97C55428E3EFD50023F951 /* Resources */ = {
			isa = PBXResourcesBuildPhase;
			buildActionMask = 2147483647;
			files = (
			);
			runOnlyForDeploymentPostprocessing = 0;
		};
		2B97C55828E3EFD50023F951 /* Resources */ = {
			isa = PBXResourcesBuildPhase;
			buildActionMask = 2147483647;
			files = (
				2B97C56028E3EFD60023F951 /* Assets.xcassets in Resources */,
			);
			runOnlyForDeploymentPostprocessing = 0;
		};
		2B97C56328E3EFD70023F951 /* Resources */ = {
			isa = PBXResourcesBuildPhase;
			buildActionMask = 2147483647;
			files = (
				2B97C57428E3EFD80023F951 /* Preview Assets.xcassets in Resources */,
				2B97C57128E3EFD80023F951 /* Assets.xcassets in Resources */,
			);
			runOnlyForDeploymentPostprocessing = 0;
		};
/* End PBXResourcesBuildPhase section */

/* Begin PBXSourcesBuildPhase section */
		2B97C56128E3EFD70023F951 /* Sources */ = {
			isa = PBXSourcesBuildPhase;
			buildActionMask = 2147483647;
			files = (
				2B97C56B28E3EFD70023F951 /* ContentView.swift in Sources */,
				2B97C56D28E3EFD70023F951 /* WatchNotesApp.swift in Sources */,
				2B97C56F28E3EFD70023F951 /* ComplicationController.swift in Sources */,
				2B97C58528E3F87F0023F951 /* Note.swift in Sources */,
			);
			runOnlyForDeploymentPostprocessing = 0;
		};
/* End PBXSourcesBuildPhase section */

/* Begin PBXTargetDependency section */
		2B97C55D28E3EFD50023F951 /* PBXTargetDependency */ = {
			isa = PBXTargetDependency;
			target = 2B97C55928E3EFD50023F951 /* WatchNotes WatchKit App */;
			targetProxy = 2B97C55C28E3EFD50023F951 /* PBXContainerItemProxy */;
		};
		2B97C56828E3EFD70023F951 /* PBXTargetDependency */ = {
			isa = PBXTargetDependency;
			target = 2B97C56428E3EFD70023F951 /* WatchNotes WatchKit Extension */;
			targetProxy = 2B97C56728E3EFD70023F951 /* PBXContainerItemProxy */;
		};
/* End PBXTargetDependency section */

/* Begin XCBuildConfiguration section */
		2B97C57628E3EFD80023F951 /* Debug */ = {
			isa = XCBuildConfiguration;
			buildSettings = {
				ALWAYS_SEARCH_USER_PATHS = NO;
				CLANG_ANALYZER_NONNULL = YES;
				CLANG_ANALYZER_NUMBER_OBJECT_CONVERSION = YES_AGGRESSIVE;
				CLANG_CXX_LANGUAGE_STANDARD = "gnu++17";
				CLANG_ENABLE_MODULES = YES;
				CLANG_ENABLE_OBJC_ARC = YES;
				CLANG_ENABLE_OBJC_WEAK = YES;
				CLANG_WARN_BLOCK_CAPTURE_AUTORELEASING = YES;
				CLANG_WARN_BOOL_CONVERSION = YES;
				CLANG_WARN_COMMA = YES;
				CLANG_WARN_CONSTANT_CONVERSION = YES;
				CLANG_WARN_DEPRECATED_OBJC_IMPLEMENTATIONS = YES;
				CLANG_WARN_DIRECT_OBJC_ISA_USAGE = YES_ERROR;
				CLANG_WARN_DOCUMENTATION_COMMENTS = YES;
				CLANG_WARN_EMPTY_BODY = YES;
				CLANG_WARN_ENUM_CONVERSION = YES;
				CLANG_WARN_INFINITE_RECURSION = YES;
				CLANG_WARN_INT_CONVERSION = YES;
				CLANG_WARN_NON_LITERAL_NULL_CONVERSION = YES;
				CLANG_WARN_OBJC_IMPLICIT_RETAIN_SELF = YES;
				CLANG_WARN_OBJC_LITERAL_CONVERSION = YES;
				CLANG_WARN_OBJC_ROOT_CLASS = YES_ERROR;
				CLANG_WARN_QUOTED_INCLUDE_IN_FRAMEWORK_HEADER = YES;
				CLANG_WARN_RANGE_LOOP_ANALYSIS = YES;
				CLANG_WARN_STRICT_PROTOTYPES = YES;
				CLANG_WARN_SUSPICIOUS_MOVE = YES;
				CLANG_WARN_UNGUARDED_AVAILABILITY = YES_AGGRESSIVE;
				CLANG_WARN_UNREACHABLE_CODE = YES;
				CLANG_WARN__DUPLICATE_METHOD_MATCH = YES;
				COPY_PHASE_STRIP = NO;
				DEBUG_INFORMATION_FORMAT = dwarf;
				ENABLE_STRICT_OBJC_MSGSEND = YES;
				ENABLE_TESTABILITY = YES;
				GCC_C_LANGUAGE_STANDARD = gnu11;
				GCC_DYNAMIC_NO_PIC = NO;
				GCC_NO_COMMON_BLOCKS = YES;
				GCC_OPTIMIZATION_LEVEL = 0;
				GCC_PREPROCESSOR_DEFINITIONS = (
					"DEBUG=1",
					"$(inherited)",
				);
				GCC_WARN_64_TO_32_BIT_CONVERSION = YES;
				GCC_WARN_ABOUT_RETURN_TYPE = YES_ERROR;
				GCC_WARN_UNDECLARED_SELECTOR = YES;
				GCC_WARN_UNINITIALIZED_AUTOS = YES_AGGRESSIVE;
				GCC_WARN_UNUSED_FUNCTION = YES;
				GCC_WARN_UNUSED_VARIABLE = YES;
				MTL_ENABLE_DEBUG_INFO = INCLUDE_SOURCE;
				MTL_FAST_MATH = YES;
				ONLY_ACTIVE_ARCH = YES;
				SDKROOT = iphoneos;
				SWIFT_ACTIVE_COMPILATION_CONDITIONS = DEBUG;
				SWIFT_OPTIMIZATION_LEVEL = "-Onone";
			};
			name = Debug;
		};
		2B97C57728E3EFD80023F951 /* Release */ = {
			isa = XCBuildConfiguration;
			buildSettings = {
				ALWAYS_SEARCH_USER_PATHS = NO;
				CLANG_ANALYZER_NONNULL = YES;
				CLANG_ANALYZER_NUMBER_OBJECT_CONVERSION = YES_AGGRESSIVE;
				CLANG_CXX_LANGUAGE_STANDARD = "gnu++17";
				CLANG_ENABLE_MODULES = YES;
				CLANG_ENABLE_OBJC_ARC = YES;
				CLANG_ENABLE_OBJC_WEAK = YES;
				CLANG_WARN_BLOCK_CAPTURE_AUTORELEASING = YES;
				CLANG_WARN_BOOL_CONVERSION = YES;
				CLANG_WARN_COMMA = YES;
				CLANG_WARN_CONSTANT_CONVERSION = YES;
				CLANG_WARN_DEPRECATED_OBJC_IMPLEMENTATIONS = YES;
				CLANG_WARN_DIRECT_OBJC_ISA_USAGE = YES_ERROR;
				CLANG_WARN_DOCUMENTATION_COMMENTS = YES;
				CLANG_WARN_EMPTY_BODY = YES;
				CLANG_WARN_ENUM_CONVERSION = YES;
				CLANG_WARN_INFINITE_RECURSION = YES;
				CLANG_WARN_INT_CONVERSION = YES;
				CLANG_WARN_NON_LITERAL_NULL_CONVERSION = YES;
				CLANG_WARN_OBJC_IMPLICIT_RETAIN_SELF = YES;
				CLANG_WARN_OBJC_LITERAL_CONVERSION = YES;
				CLANG_WARN_OBJC_ROOT_CLASS = YES_ERROR;
				CLANG_WARN_QUOTED_INCLUDE_IN_FRAMEWORK_HEADER = YES;
				CLANG_WARN_RANGE_LOOP_ANALYSIS = YES;
				CLANG_WARN_STRICT_PROTOTYPES = YES;
				CLANG_WARN_SUSPICIOUS_MOVE = YES;
				CLANG_WARN_UNGUARDED_AVAILABILITY = YES_AGGRESSIVE;
				CLANG_WARN_UNREACHABLE_CODE = YES;
				CLANG_WARN__DUPLICATE_METHOD_MATCH = YES;
				COPY_PHASE_STRIP = NO;
				DEBUG_INFORMATION_FORMAT = "dwarf-with-dsym";
				ENABLE_NS_ASSERTIONS = NO;
				ENABLE_STRICT_OBJC_MSGSEND = YES;
				GCC_C_LANGUAGE_STANDARD = gnu11;
				GCC_NO_COMMON_BLOCKS = YES;
				GCC_WARN_64_TO_32_BIT_CONVERSION = YES;
				GCC_WARN_ABOUT_RETURN_TYPE = YES_ERROR;
				GCC_WARN_UNDECLARED_SELECTOR = YES;
				GCC_WARN_UNINITIALIZED_AUTOS = YES_AGGRESSIVE;
				GCC_WARN_UNUSED_FUNCTION = YES;
				GCC_WARN_UNUSED_VARIABLE = YES;
				MTL_ENABLE_DEBUG_INFO = NO;
				MTL_FAST_MATH = YES;
				SDKROOT = iphoneos;
				SWIFT_COMPILATION_MODE = wholemodule;
				SWIFT_OPTIMIZATION_LEVEL = "-O";
				VALIDATE_PRODUCT = YES;
			};
			name = Release;
		};
		2B97C57928E3EFD80023F951 /* Debug */ = {
			isa = XCBuildConfiguration;
			buildSettings = {
				ASSETCATALOG_COMPILER_COMPLICATION_NAME = Complication;
				CODE_SIGN_STYLE = Automatic;
				CURRENT_PROJECT_VERSION = 1;
				DEVELOPMENT_ASSET_PATHS = "\"WatchNotes WatchKit Extension/Preview Content\"";
				DEVELOPMENT_TEAM = 87BRPSS9CA;
				ENABLE_PREVIEWS = YES;
				GENERATE_INFOPLIST_FILE = YES;
				INFOPLIST_FILE = "WatchNotes WatchKit Extension/Info.plist";
				INFOPLIST_KEY_CFBundleDisplayName = "WatchNotes WatchKit Extension";
				INFOPLIST_KEY_CLKComplicationPrincipalClass = "$(PRODUCT_MODULE_NAME).ComplicationController";
				INFOPLIST_KEY_NSHumanReadableCopyright = "";
				INFOPLIST_KEY_WKWatchOnly = YES;
				LD_RUNPATH_SEARCH_PATHS = (
					"$(inherited)",
					"@executable_path/Frameworks",
					"@executable_path/../../Frameworks",
				);
				MARKETING_VERSION = 1.0;
				PRODUCT_BUNDLE_IDENTIFIER = com.csy.notes.WatchNotes.watchkitapp.watchkitextension;
				PRODUCT_NAME = "${TARGET_NAME}";
				SDKROOT = watchos;
				SKIP_INSTALL = YES;
				SWIFT_EMIT_LOC_STRINGS = YES;
				SWIFT_VERSION = 5.0;
				TARGETED_DEVICE_FAMILY = 4;
				WATCHOS_DEPLOYMENT_TARGET = 8.5;
			};
			name = Debug;
		};
		2B97C57A28E3EFD80023F951 /* Release */ = {
			isa = XCBuildConfiguration;
			buildSettings = {
				ASSETCATALOG_COMPILER_COMPLICATION_NAME = Complication;
				CODE_SIGN_STYLE = Automatic;
				CURRENT_PROJECT_VERSION = 1;
				DEVELOPMENT_ASSET_PATHS = "\"WatchNotes WatchKit Extension/Preview Content\"";
				DEVELOPMENT_TEAM = 87BRPSS9CA;
				ENABLE_PREVIEWS = YES;
				GENERATE_INFOPLIST_FILE = YES;
				INFOPLIST_FILE = "WatchNotes WatchKit Extension/Info.plist";
				INFOPLIST_KEY_CFBundleDisplayName = "WatchNotes WatchKit Extension";
				INFOPLIST_KEY_CLKComplicationPrincipalClass = "$(PRODUCT_MODULE_NAME).ComplicationController";
				INFOPLIST_KEY_NSHumanReadableCopyright = "";
				INFOPLIST_KEY_WKWatchOnly = YES;
				LD_RUNPATH_SEARCH_PATHS = (
					"$(inherited)",
					"@executable_path/Frameworks",
					"@executable_path/../../Frameworks",
				);
				MARKETING_VERSION = 1.0;
				PRODUCT_BUNDLE_IDENTIFIER = com.csy.notes.WatchNotes.watchkitapp.watchkitextension;
				PRODUCT_NAME = "${TARGET_NAME}";
				SDKROOT = watchos;
				SKIP_INSTALL = YES;
				SWIFT_EMIT_LOC_STRINGS = YES;
				SWIFT_VERSION = 5.0;
				TARGETED_DEVICE_FAMILY = 4;
				WATCHOS_DEPLOYMENT_TARGET = 8.5;
			};
			name = Release;
		};
		2B97C57D28E3EFD80023F951 /* Debug */ = {
			isa = XCBuildConfiguration;
			buildSettings = {
				ALWAYS_EMBED_SWIFT_STANDARD_LIBRARIES = YES;
				ASSETCATALOG_COMPILER_APPICON_NAME = AppIcon;
				ASSETCATALOG_COMPILER_GLOBAL_ACCENT_COLOR_NAME = AccentColor;
				CODE_SIGN_STYLE = Automatic;
				CURRENT_PROJECT_VERSION = 1;
				DEVELOPMENT_TEAM = 87BRPSS9CA;
				GENERATE_INFOPLIST_FILE = YES;
				IBSC_MODULE = WatchNotes_WatchKit_Extension;
				INFOPLIST_KEY_CFBundleDisplayName = "WatchNotes WatchKit App";
				INFOPLIST_KEY_UISupportedInterfaceOrientations = "UIInterfaceOrientationPortrait UIInterfaceOrientationPortraitUpsideDown";
				MARKETING_VERSION = 1.0;
				PRODUCT_BUNDLE_IDENTIFIER = com.csy.notes.WatchNotes.watchkitapp;
				PRODUCT_NAME = "$(TARGET_NAME)";
				SDKROOT = watchos;
				SKIP_INSTALL = YES;
				SWIFT_EMIT_LOC_STRINGS = YES;
				SWIFT_VERSION = 5.0;
				TARGETED_DEVICE_FAMILY = 4;
				WATCHOS_DEPLOYMENT_TARGET = 8.5;
			};
			name = Debug;
		};
		2B97C57E28E3EFD80023F951 /* Release */ = {
			isa = XCBuildConfiguration;
			buildSettings = {
				ALWAYS_EMBED_SWIFT_STANDARD_LIBRARIES = YES;
				ASSETCATALOG_COMPILER_APPICON_NAME = AppIcon;
				ASSETCATALOG_COMPILER_GLOBAL_ACCENT_COLOR_NAME = AccentColor;
				CODE_SIGN_STYLE = Automatic;
				CURRENT_PROJECT_VERSION = 1;
				DEVELOPMENT_TEAM = 87BRPSS9CA;
				GENERATE_INFOPLIST_FILE = YES;
				IBSC_MODULE = WatchNotes_WatchKit_Extension;
				INFOPLIST_KEY_CFBundleDisplayName = "WatchNotes WatchKit App";
				INFOPLIST_KEY_UISupportedInterfaceOrientations = "UIInterfaceOrientationPortrait UIInterfaceOrientationPortraitUpsideDown";
				MARKETING_VERSION = 1.0;
				PRODUCT_BUNDLE_IDENTIFIER = com.csy.notes.WatchNotes.watchkitapp;
				PRODUCT_NAME = "$(TARGET_NAME)";
				SDKROOT = watchos;
				SKIP_INSTALL = YES;
				SWIFT_EMIT_LOC_STRINGS = YES;
				SWIFT_VERSION = 5.0;
				TARGETED_DEVICE_FAMILY = 4;
				WATCHOS_DEPLOYMENT_TARGET = 8.5;
			};
			name = Release;
		};
		2B97C58128E3EFD80023F951 /* Debug */ = {
			isa = XCBuildConfiguration;
			buildSettings = {
				CODE_SIGN_STYLE = Automatic;
				CURRENT_PROJECT_VERSION = 1;
				DEVELOPMENT_TEAM = 87BRPSS9CA;
				MARKETING_VERSION = 1.0;
				PRODUCT_BUNDLE_IDENTIFIER = com.csy.notes.WatchNotes;
				PRODUCT_NAME = "$(TARGET_NAME)";
				SWIFT_VERSION = 5.0;
			};
			name = Debug;
		};
		2B97C58228E3EFD80023F951 /* Release */ = {
			isa = XCBuildConfiguration;
			buildSettings = {
				CODE_SIGN_STYLE = Automatic;
				CURRENT_PROJECT_VERSION = 1;
				DEVELOPMENT_TEAM = 87BRPSS9CA;
				MARKETING_VERSION = 1.0;
				PRODUCT_BUNDLE_IDENTIFIER = com.csy.notes.WatchNotes;
				PRODUCT_NAME = "$(TARGET_NAME)";
				SWIFT_VERSION = 5.0;
			};
			name = Release;
		};
/* End XCBuildConfiguration section */

/* Begin XCConfigurationList section */
		2B97C55328E3EFD50023F951 /* Build configuration list for PBXProject "WatchNotes" */ = {
			isa = XCConfigurationList;
			buildConfigurations = (
				2B97C57628E3EFD80023F951 /* Debug */,
				2B97C57728E3EFD80023F951 /* Release */,
			);
			defaultConfigurationIsVisible = 0;
			defaultConfigurationName = Release;
		};
		2B97C57828E3EFD80023F951 /* Build configuration list for PBXNativeTarget "WatchNotes WatchKit Extension" */ = {
			isa = XCConfigurationList;
			buildConfigurations = (
				2B97C57928E3EFD80023F951 /* Debug */,
				2B97C57A28E3EFD80023F951 /* Release */,
			);
			defaultConfigurationIsVisible = 0;
			defaultConfigurationName = Release;
		};
		2B97C57C28E3EFD80023F951 /* Build configuration list for PBXNativeTarget "WatchNotes WatchKit App" */ = {
			isa = XCConfigurationList;
			buildConfigurations = (
				2B97C57D28E3EFD80023F951 /* Debug */,
				2B97C57E28E3EFD80023F951 /* Release */,
			);
			defaultConfigurationIsVisible = 0;
			defaultConfigurationName = Release;
		};
		2B97C58028E3EFD80023F951 /* Build configuration list for PBXNativeTarget "WatchNotes" */ = {
			isa = XCConfigurationList;
			buildConfigurations = (
				2B97C58128E3EFD80023F951 /* Debug */,
				2B97C58228E3EFD80023F951 /* Release */,
			);
			defaultConfigurationIsVisible = 0;
			defaultConfigurationName = Release;
		};
/* End XCConfigurationList section */
	};
	rootObject = 2B97C55028E3EFD50023F951 /* Project object */;
}
